
Microsoft Visual Studio Solution File, Format Version 12.00
# Visual Studio Version 17
VisualStudioVersion = 17.2.32519.379
MinimumVisualStudioVersion = 10.0.40219.1
Project("{FAE04EC0-301F-11D3-BF4B-00C04F79EFBC}") = "pryControlesBasicos", "pryControlesBasicos\pryControlesBasicos.csproj", "{B3246C25-2A29-4CDD-BDA0-E7EE64973373}"
EndProject
Global
	GlobalSection(SolutionConfigurationPlatforms) = preSolution
		Debug|Any CPU = Debug|Any CPU
		Release|Any CPU = Release|Any CPU
	EndGlobalSection
	GlobalSection(ProjectConfigurationPlatforms) = postSolution
		{B3246C25-2A29-4CDD-BDA0-E7EE64973373}.Debug|Any CPU.ActiveCfg = Debug|Any CPU
		{B3246C25-2A29-4CDD-BDA0-E7EE64973373}.Debug|Any CPU.Build.0 = Debug|Any CPU
		{B3246C25-2A29-4CDD-BDA0-E7EE64973373}.Release|Any CPU.ActiveCfg = Release|Any CPU
		{B3246C25-2A29-4CDD-BDA0-E7EE64973373}.Release|Any CPU.Build.0 = Release|Any CPU
	EndGlobalSection
	GlobalSection(SolutionProperties) = preSolution
		HideSolutionNode = FALSE
	EndGlobalSection
	GlobalSection(ExtensibilityGlobals) = postSolution
		SolutionGuid = {7A991123-29D9-49BC-8FDF-824906B68F90}
	EndGlobalSection
EndGlobal
